
Microsoft Visual Studio Solution File, Format Version 12.00
# Visual Studio Version 17
VisualStudioVersion = 17.3.32922.545
MinimumVisualStudioVersion = 10.0.40219.1
Project("{FAE04EC0-301F-11D3-BF4B-00C04F79EFBC}") = "Shebenka", "Shebenka\Shebenka.csproj", "{74B1FA2D-AC77-4B87-9F2C-E268E61EC4E7}"
EndProject
Global
	GlobalSection(SolutionConfigurationPlatforms) = preSolution
		Debug|Any CPU = Debug|Any CPU
		Release|Any CPU = Release|Any CPU
	EndGlobalSection
	GlobalSection(ProjectConfigurationPlatforms) = postSolution
		{74B1FA2D-AC77-4B87-9F2C-E268E61EC4E7}.Debug|Any CPU.ActiveCfg = Debug|Any CPU
		{74B1FA2D-AC77-4B87-9F2C-E268E61EC4E7}.Debug|Any CPU.Build.0 = Debug|Any CPU
		{74B1FA2D-AC77-4B87-9F2C-E268E61EC4E7}.Release|Any CPU.ActiveCfg = Release|Any CPU
		{74B1FA2D-AC77-4B87-9F2C-E268E61EC4E7}.Release|Any CPU.Build.0 = Release|Any CPU
	EndGlobalSection
	GlobalSection(SolutionProperties) = preSolution
		HideSolutionNode = FALSE
	EndGlobalSection
	GlobalSection(ExtensibilityGlobals) = postSolution
		SolutionGuid = {92245AE4-ED1D-4C76-B20A-F1D28DC28713}
	EndGlobalSection
EndGlobal
